
Microsoft Visual Studio Solution File, Format Version 12.00
# Visual Studio Version 17
VisualStudioVersion = 17.11.35219.272
MinimumVisualStudioVersion = 10.0.40219.1
Project("{FAE04EC0-301F-11D3-BF4B-00C04F79EFBC}") = "Laboratorio 2", "Laboratorio 2\Laboratorio 2.csproj", "{8398E76A-C033-4A5D-8034-2885613251B0}"
EndProject
Global
	GlobalSection(SolutionConfigurationPlatforms) = preSolution
		Debug|Any CPU = Debug|Any CPU
		Release|Any CPU = Release|Any CPU
	EndGlobalSection
	GlobalSection(ProjectConfigurationPlatforms) = postSolution
		{8398E76A-C033-4A5D-8034-2885613251B0}.Debug|Any CPU.ActiveCfg = Debug|Any CPU
		{8398E76A-C033-4A5D-8034-2885613251B0}.Debug|Any CPU.Build.0 = Debug|Any CPU
		{8398E76A-C033-4A5D-8034-2885613251B0}.Release|Any CPU.ActiveCfg = Release|Any CPU
		{8398E76A-C033-4A5D-8034-2885613251B0}.Release|Any CPU.Build.0 = Release|Any CPU
	EndGlobalSection
	GlobalSection(SolutionProperties) = preSolution
		HideSolutionNode = FALSE
	EndGlobalSection
	GlobalSection(ExtensibilityGlobals) = postSolution
		SolutionGuid = {1E76CF6A-4AE5-4C81-BCA8-517E5CCCC246}
	EndGlobalSection
EndGlobal
